
Microsoft Visual Studio Solution File, Format Version 11.00
# Visual Studio 2010
# SharpDevelop 5.1
Project("{FAE04EC0-301F-11D3-BF4B-00C04F79EFBC}") = "Imagen V3", "Imagen V3\Imagen V3.csproj", "{421F5AFB-3DC1-479C-BF11-6D4B7EADEE4E}"
EndProject
Global
	GlobalSection(SolutionConfigurationPlatforms) = preSolution
		Debug|Any CPU = Debug|Any CPU
		Release|Any CPU = Release|Any CPU
	EndGlobalSection
	GlobalSection(ProjectConfigurationPlatforms) = postSolution
		{421F5AFB-3DC1-479C-BF11-6D4B7EADEE4E}.Debug|Any CPU.ActiveCfg = Debug|Any CPU
		{421F5AFB-3DC1-479C-BF11-6D4B7EADEE4E}.Debug|Any CPU.Build.0 = Debug|Any CPU
		{421F5AFB-3DC1-479C-BF11-6D4B7EADEE4E}.Release|Any CPU.ActiveCfg = Release|Any CPU
		{421F5AFB-3DC1-479C-BF11-6D4B7EADEE4E}.Release|Any CPU.Build.0 = Release|Any CPU
	EndGlobalSection
EndGlobal
